
Microsoft Visual Studio Solution File, Format Version 11.00
# Visual Studio 2010
Project("{E24C65DC-7377-472B-9ABA-BC803B73C61A}") = "EachDiamond", "..\..\WebSites\EachDiamond\", "{384C448D-1B71-45C3-B6FD-4CC2E8205B56}"
	ProjectSection(WebsiteProperties) = preProject
		TargetFrameworkMoniker = ".NETFramework,Version%3Dv4.0"
		Debug.AspNetCompiler.VirtualPath = "/EachDiamond"
		Debug.AspNetCompiler.PhysicalPath = "..\..\WebSites\EachDiamond\"
		Debug.AspNetCompiler.TargetPath = "PrecompiledWeb\EachDiamond\"
		Debug.AspNetCompiler.Updateable = "true"
		Debug.AspNetCompiler.ForceOverwrite = "true"
		Debug.AspNetCompiler.FixedNames = "false"
		Debug.AspNetCompiler.Debug = "True"
		Release.AspNetCompiler.VirtualPath = "/EachDiamond"
		Release.AspNetCompiler.PhysicalPath = "..\..\WebSites\EachDiamond\"
		Release.AspNetCompiler.TargetPath = "PrecompiledWeb\EachDiamond\"
		Release.AspNetCompiler.Updateable = "true"
		Release.AspNetCompiler.ForceOverwrite = "true"
		Release.AspNetCompiler.FixedNames = "false"
		Release.AspNetCompiler.Debug = "False"
		VWDPort = "27114"
		DefaultWebSiteLanguage = "Visual C#"
	EndProjectSection
EndProject
Global
	GlobalSection(SolutionConfigurationPlatforms) = preSolution
		Debug|Any CPU = Debug|Any CPU
	EndGlobalSection
	GlobalSection(ProjectConfigurationPlatforms) = postSolution
		{384C448D-1B71-45C3-B6FD-4CC2E8205B56}.Debug|Any CPU.ActiveCfg = Debug|Any CPU
		{384C448D-1B71-45C3-B6FD-4CC2E8205B56}.Debug|Any CPU.Build.0 = Debug|Any CPU
	EndGlobalSection
	GlobalSection(SolutionProperties) = preSolution
		HideSolutionNode = FALSE
	EndGlobalSection
EndGlobal
